
Microsoft Visual Studio Solution File, Format Version 12.00
# Visual Studio Version 17
VisualStudioVersion = 17.2.32526.322
MinimumVisualStudioVersion = 10.0.40219.1
Project("{FAE04EC0-301F-11D3-BF4B-00C04F79EFBC}") = "TestGrpc1", "TestGrpc1\TestGrpc1.csproj", "{D610518C-F2B6-4DB1-A94E-7EFD40062428}"
EndProject
Global
	GlobalSection(SolutionConfigurationPlatforms) = preSolution
		Debug|Any CPU = Debug|Any CPU
		Release|Any CPU = Release|Any CPU
	EndGlobalSection
	GlobalSection(ProjectConfigurationPlatforms) = postSolution
		{D610518C-F2B6-4DB1-A94E-7EFD40062428}.Debug|Any CPU.ActiveCfg = Debug|Any CPU
		{D610518C-F2B6-4DB1-A94E-7EFD40062428}.Debug|Any CPU.Build.0 = Debug|Any CPU
		{D610518C-F2B6-4DB1-A94E-7EFD40062428}.Release|Any CPU.ActiveCfg = Release|Any CPU
		{D610518C-F2B6-4DB1-A94E-7EFD40062428}.Release|Any CPU.Build.0 = Release|Any CPU
	EndGlobalSection
	GlobalSection(SolutionProperties) = preSolution
		HideSolutionNode = FALSE
	EndGlobalSection
	GlobalSection(ExtensibilityGlobals) = postSolution
		SolutionGuid = {988E9D89-206C-4289-97C6-C4E91135A4CA}
	EndGlobalSection
EndGlobal
